
Microsoft Visual Studio Solution File, Format Version 12.00
# Visual Studio Version 16
VisualStudioVersion = 16.0.31112.23
MinimumVisualStudioVersion = 10.0.40219.1
Project("{FAE04EC0-301F-11D3-BF4B-00C04F79EFBC}") = "Calculator.ConsoleApp", "Calculator.ConsoleApp\Calculator.ConsoleApp.csproj", "{51245EAC-7487-4030-8D6E-7268F4E94093}"
EndProject
Project("{FAE04EC0-301F-11D3-BF4B-00C04F79EFBC}") = "Calculator.Application", "Calculator.Application\Calculator.Application.csproj", "{5A53B6E2-CDA4-4EB1-BC5B-F7512286B8D0}"
EndProject
Project("{FAE04EC0-301F-11D3-BF4B-00C04F79EFBC}") = "Calculator.Tests", "Calculator.Tests\Calculator.Tests.csproj", "{8611E223-4339-409A-A969-41AB8A25FF55}"
EndProject
Global
	GlobalSection(SolutionConfigurationPlatforms) = preSolution
		Debug|Any CPU = Debug|Any CPU
		Release|Any CPU = Release|Any CPU
	EndGlobalSection
	GlobalSection(ProjectConfigurationPlatforms) = postSolution
		{51245EAC-7487-4030-8D6E-7268F4E94093}.Debug|Any CPU.ActiveCfg = Debug|Any CPU
		{51245EAC-7487-4030-8D6E-7268F4E94093}.Debug|Any CPU.Build.0 = Debug|Any CPU
		{51245EAC-7487-4030-8D6E-7268F4E94093}.Release|Any CPU.ActiveCfg = Release|Any CPU
		{51245EAC-7487-4030-8D6E-7268F4E94093}.Release|Any CPU.Build.0 = Release|Any CPU
		{5A53B6E2-CDA4-4EB1-BC5B-F7512286B8D0}.Debug|Any CPU.ActiveCfg = Debug|Any CPU
		{5A53B6E2-CDA4-4EB1-BC5B-F7512286B8D0}.Debug|Any CPU.Build.0 = Debug|Any CPU
		{5A53B6E2-CDA4-4EB1-BC5B-F7512286B8D0}.Release|Any CPU.ActiveCfg = Release|Any CPU
		{5A53B6E2-CDA4-4EB1-BC5B-F7512286B8D0}.Release|Any CPU.Build.0 = Release|Any CPU
		{8611E223-4339-409A-A969-41AB8A25FF55}.Debug|Any CPU.ActiveCfg = Debug|Any CPU
		{8611E223-4339-409A-A969-41AB8A25FF55}.Debug|Any CPU.Build.0 = Debug|Any CPU
		{8611E223-4339-409A-A969-41AB8A25FF55}.Release|Any CPU.ActiveCfg = Release|Any CPU
		{8611E223-4339-409A-A969-41AB8A25FF55}.Release|Any CPU.Build.0 = Release|Any CPU
	EndGlobalSection
	GlobalSection(SolutionProperties) = preSolution
		HideSolutionNode = FALSE
	EndGlobalSection
	GlobalSection(ExtensibilityGlobals) = postSolution
		SolutionGuid = {EC10C9DE-3503-4684-9F37-538879C9098D}
	EndGlobalSection
EndGlobal
